
Microsoft Visual Studio Solution File, Format Version 12.00
# Visual Studio 15
VisualStudioVersion = 15.0.26730.16
MinimumVisualStudioVersion = 10.0.40219.1
Project("{FAE04EC0-301F-11D3-BF4B-00C04F79EFBC}") = "TeamSpeak FCKCS", "TeamSpeak FCKCS\TeamSpeak FCKCS.csproj", "{3C277514-5243-47FF-B736-0BE08F033993}"
EndProject
Global
	GlobalSection(SolutionConfigurationPlatforms) = preSolution
		Debug|Any CPU = Debug|Any CPU
		Release|Any CPU = Release|Any CPU
	EndGlobalSection
	GlobalSection(ProjectConfigurationPlatforms) = postSolution
		{3C277514-5243-47FF-B736-0BE08F033993}.Debug|Any CPU.ActiveCfg = Debug|Any CPU
		{3C277514-5243-47FF-B736-0BE08F033993}.Debug|Any CPU.Build.0 = Debug|Any CPU
		{3C277514-5243-47FF-B736-0BE08F033993}.Release|Any CPU.ActiveCfg = Release|Any CPU
		{3C277514-5243-47FF-B736-0BE08F033993}.Release|Any CPU.Build.0 = Release|Any CPU
	EndGlobalSection
	GlobalSection(SolutionProperties) = preSolution
		HideSolutionNode = FALSE
	EndGlobalSection
	GlobalSection(ExtensibilityGlobals) = postSolution
		SolutionGuid = {8EABE5B8-EF4D-47D6-81A2-172B756DC7B1}
	EndGlobalSection
EndGlobal
